
Microsoft Visual Studio Solution File, Format Version 12.00
# Visual Studio Version 17
VisualStudioVersion = 17.5.33530.505
MinimumVisualStudioVersion = 10.0.40219.1
Project("{FAE04EC0-301F-11D3-BF4B-00C04F79EFBC}") = "Sales Analysis", "Sales Analysis.csproj", "{20053151-C02A-4687-A232-25017C44BC0D}"
EndProject
Global
	GlobalSection(SolutionConfigurationPlatforms) = preSolution
		Debug|Any CPU = Debug|Any CPU
		Release|Any CPU = Release|Any CPU
	EndGlobalSection
	GlobalSection(ProjectConfigurationPlatforms) = postSolution
		{20053151-C02A-4687-A232-25017C44BC0D}.Debug|Any CPU.ActiveCfg = Debug|Any CPU
		{20053151-C02A-4687-A232-25017C44BC0D}.Debug|Any CPU.Build.0 = Debug|Any CPU
		{20053151-C02A-4687-A232-25017C44BC0D}.Release|Any CPU.ActiveCfg = Release|Any CPU
		{20053151-C02A-4687-A232-25017C44BC0D}.Release|Any CPU.Build.0 = Release|Any CPU
	EndGlobalSection
	GlobalSection(SolutionProperties) = preSolution
		HideSolutionNode = FALSE
	EndGlobalSection
	GlobalSection(ExtensibilityGlobals) = postSolution
		SolutionGuid = {6B094F5B-63DE-4CDF-9738-1E65EEEE4E1C}
	EndGlobalSection
EndGlobal
